
Microsoft Visual Studio Solution File, Format Version 12.00
# Visual Studio Version 17
VisualStudioVersion = 17.14.36212.18
MinimumVisualStudioVersion = 10.0.40219.1
Project("{FAE04EC0-301F-11D3-BF4B-00C04F79EFBC}") = "Demo.Hangfire.Agendamento", "Demo.Hangfire.Agendamento\Demo.Hangfire.Agendamento.csproj", "{F675687F-189D-423D-BB5C-F047DFA521AA}"
EndProject
Project("{FAE04EC0-301F-11D3-BF4B-00C04F79EFBC}") = "Demo.Hangfire.Agendamento.Tests", "Demo.Hangfire.Agendamento.Tests\Demo.Hangfire.Agendamento.Tests.csproj", "{395100A6-3ADB-8E65-A623-66E6E9FE8179}"
EndProject
Project("{FAE04EC0-301F-11D3-BF4B-00C04F79EFBC}") = "Demo.Hangfire.Agendamento.Worker", "Demo.Hangfire.Agendamento.Worker\Demo.Hangfire.Agendamento.Worker.csproj", "{D86DDD10-9BF7-4EE6-84AF-DA21D4E7524C}"
EndProject
Global
	GlobalSection(SolutionConfigurationPlatforms) = preSolution
		Debug|Any CPU = Debug|Any CPU
		Debug|x64 = Debug|x64
		Debug|x86 = Debug|x86
		Release|Any CPU = Release|Any CPU
		Release|x64 = Release|x64
		Release|x86 = Release|x86
	EndGlobalSection
	GlobalSection(ProjectConfigurationPlatforms) = postSolution
		{F675687F-189D-423D-BB5C-F047DFA521AA}.Debug|Any CPU.ActiveCfg = Debug|Any CPU
		{F675687F-189D-423D-BB5C-F047DFA521AA}.Debug|Any CPU.Build.0 = Debug|Any CPU
		{F675687F-189D-423D-BB5C-F047DFA521AA}.Debug|x64.ActiveCfg = Debug|Any CPU
		{F675687F-189D-423D-BB5C-F047DFA521AA}.Debug|x64.Build.0 = Debug|Any CPU
		{F675687F-189D-423D-BB5C-F047DFA521AA}.Debug|x86.ActiveCfg = Debug|Any CPU
		{F675687F-189D-423D-BB5C-F047DFA521AA}.Debug|x86.Build.0 = Debug|Any CPU
		{F675687F-189D-423D-BB5C-F047DFA521AA}.Release|Any CPU.ActiveCfg = Release|Any CPU
		{F675687F-189D-423D-BB5C-F047DFA521AA}.Release|Any CPU.Build.0 = Release|Any CPU
		{F675687F-189D-423D-BB5C-F047DFA521AA}.Release|x64.ActiveCfg = Release|Any CPU
		{F675687F-189D-423D-BB5C-F047DFA521AA}.Release|x64.Build.0 = Release|Any CPU
		{F675687F-189D-423D-BB5C-F047DFA521AA}.Release|x86.ActiveCfg = Release|Any CPU
		{F675687F-189D-423D-BB5C-F047DFA521AA}.Release|x86.Build.0 = Release|Any CPU
		{395100A6-3ADB-8E65-A623-66E6E9FE8179}.Debug|Any CPU.ActiveCfg = Debug|Any CPU
		{395100A6-3ADB-8E65-A623-66E6E9FE8179}.Debug|Any CPU.Build.0 = Debug|Any CPU
		{395100A6-3ADB-8E65-A623-66E6E9FE8179}.Debug|x64.ActiveCfg = Debug|Any CPU
		{395100A6-3ADB-8E65-A623-66E6E9FE8179}.Debug|x64.Build.0 = Debug|Any CPU
		{395100A6-3ADB-8E65-A623-66E6E9FE8179}.Debug|x86.ActiveCfg = Debug|Any CPU
		{395100A6-3ADB-8E65-A623-66E6E9FE8179}.Debug|x86.Build.0 = Debug|Any CPU
		{395100A6-3ADB-8E65-A623-66E6E9FE8179}.Release|Any CPU.ActiveCfg = Release|Any CPU
		{395100A6-3ADB-8E65-A623-66E6E9FE8179}.Release|Any CPU.Build.0 = Release|Any CPU
		{395100A6-3ADB-8E65-A623-66E6E9FE8179}.Release|x64.ActiveCfg = Release|Any CPU
		{395100A6-3ADB-8E65-A623-66E6E9FE8179}.Release|x64.Build.0 = Release|Any CPU
		{395100A6-3ADB-8E65-A623-66E6E9FE8179}.Release|x86.ActiveCfg = Release|Any CPU
		{395100A6-3ADB-8E65-A623-66E6E9FE8179}.Release|x86.Build.0 = Release|Any CPU
		{D86DDD10-9BF7-4EE6-84AF-DA21D4E7524C}.Debug|Any CPU.ActiveCfg = Debug|Any CPU
		{D86DDD10-9BF7-4EE6-84AF-DA21D4E7524C}.Debug|Any CPU.Build.0 = Debug|Any CPU
		{D86DDD10-9BF7-4EE6-84AF-DA21D4E7524C}.Debug|x64.ActiveCfg = Debug|Any CPU
		{D86DDD10-9BF7-4EE6-84AF-DA21D4E7524C}.Debug|x64.Build.0 = Debug|Any CPU
		{D86DDD10-9BF7-4EE6-84AF-DA21D4E7524C}.Debug|x86.ActiveCfg = Debug|Any CPU
		{D86DDD10-9BF7-4EE6-84AF-DA21D4E7524C}.Debug|x86.Build.0 = Debug|Any CPU
		{D86DDD10-9BF7-4EE6-84AF-DA21D4E7524C}.Release|Any CPU.ActiveCfg = Release|Any CPU
		{D86DDD10-9BF7-4EE6-84AF-DA21D4E7524C}.Release|Any CPU.Build.0 = Release|Any CPU
		{D86DDD10-9BF7-4EE6-84AF-DA21D4E7524C}.Release|x64.ActiveCfg = Release|Any CPU
		{D86DDD10-9BF7-4EE6-84AF-DA21D4E7524C}.Release|x64.Build.0 = Release|Any CPU
		{D86DDD10-9BF7-4EE6-84AF-DA21D4E7524C}.Release|x86.ActiveCfg = Release|Any CPU
		{D86DDD10-9BF7-4EE6-84AF-DA21D4E7524C}.Release|x86.Build.0 = Release|Any CPU
	EndGlobalSection
	GlobalSection(SolutionProperties) = preSolution
		HideSolutionNode = FALSE
	EndGlobalSection
	GlobalSection(ExtensibilityGlobals) = postSolution
		SolutionGuid = {6A0D0A4A-B121-4FD9-A98B-DAEC798BE332}
	EndGlobalSection
EndGlobal
