
Microsoft Visual Studio Solution File, Format Version 12.00
# Visual Studio Version 17
VisualStudioVersion = 17.14.36212.18 d17.14
MinimumVisualStudioVersion = 10.0.40219.1
Project("{FAE04EC0-301F-11D3-BF4B-00C04F79EFBC}") = "Demo.Hangfire.Agendamento", "Demo.Hangfire.Agendamento\Demo.Hangfire.Agendamento.csproj", "{F675687F-189D-423D-BB5C-F047DFA521AA}"
EndProject
Global
	GlobalSection(SolutionConfigurationPlatforms) = preSolution
		Debug|Any CPU = Debug|Any CPU
		Release|Any CPU = Release|Any CPU
	EndGlobalSection
	GlobalSection(ProjectConfigurationPlatforms) = postSolution
		{F675687F-189D-423D-BB5C-F047DFA521AA}.Debug|Any CPU.ActiveCfg = Debug|Any CPU
		{F675687F-189D-423D-BB5C-F047DFA521AA}.Debug|Any CPU.Build.0 = Debug|Any CPU
		{F675687F-189D-423D-BB5C-F047DFA521AA}.Release|Any CPU.ActiveCfg = Release|Any CPU
		{F675687F-189D-423D-BB5C-F047DFA521AA}.Release|Any CPU.Build.0 = Release|Any CPU
	EndGlobalSection
	GlobalSection(SolutionProperties) = preSolution
		HideSolutionNode = FALSE
	EndGlobalSection
	GlobalSection(ExtensibilityGlobals) = postSolution
		SolutionGuid = {6A0D0A4A-B121-4FD9-A98B-DAEC798BE332}
	EndGlobalSection
EndGlobal
